// !$*UTF8*$!
{
	archiveVersion = 1;
	classes = {
	};
	objectVersion = 77;
	objects = {

/* Begin PBXBuildFile section */
        B91000000000000000000001 /* LivePhotoMovieConverter.swift in Sources */ = {isa = PBXBuildFile; fileRef = B91000000000000000000004; };
        B91000000000000000000002 /* LivePhotoMovieConverter.swift in Sources */ = {isa = PBXBuildFile; fileRef = B91000000000000000000004; };
        B91000000000000000000003 /* LivePhotoMovieConverter.swift in Sources */ = {isa = PBXBuildFile; fileRef = B91000000000000000000004; };
        B92000000000000000000001 /* QuickTimeMetadataTransplanter.swift in Sources */ = {isa = PBXBuildFile; fileRef = B92000000000000000000004; };
        B92000000000000000000002 /* QuickTimeMetadataTransplanter.swift in Sources */ = {isa = PBXBuildFile; fileRef = B92000000000000000000004; };
        B92000000000000000000003 /* QuickTimeMetadataTransplanter.swift in Sources */ = {isa = PBXBuildFile; fileRef = B92000000000000000000004; };
        B90000000000000000000001 /* LivePhotoResources.swift in Sources */ = {isa = PBXBuildFile; fileRef = B90000000000000000000004; };
        B90000000000000000000002 /* LivePhotoResources.swift in Sources */ = {isa = PBXBuildFile; fileRef = B90000000000000000000004; };
        B90000000000000000000003 /* LivePhotoResources.swift in Sources */ = {isa = PBXBuildFile; fileRef = B90000000000000000000004; };
		F30000000000000000000004 /* Action Assets.xcassets in Resources */ = {isa = PBXBuildFile; fileRef = F40000000000000000000004; };
		F30000000000000000000003 /* NamedPhotoPicker.swift in Sources */ = {isa = PBXBuildFile; fileRef = F40000000000000000000003; };
		F30000000000000000000001 /* PhotoMetadataReader.swift in Sources */ = {isa = PBXBuildFile; fileRef = F40000000000000000000001; };
		F30000000000000000000002 /* PhotoInfoView.swift in Sources */ = {isa = PBXBuildFile; fileRef = F40000000000000000000002; };
		A20000000000000000000001 /* LibraryModels.swift in Sources */ = {isa = PBXBuildFile; fileRef = A10000000000000000000001 /* LibraryModels.swift */; };
		A20000000000000000000002 /* PhotoLibraryStore.swift in Sources */ = {isa = PBXBuildFile; fileRef = A10000000000000000000002 /* PhotoLibraryStore.swift */; };
		A20000000000000000000003 /* BatchConversionCoordinator.swift in Sources */ = {isa = PBXBuildFile; fileRef = A10000000000000000000003 /* BatchConversionCoordinator.swift */; };
		A20000000000000000000004 /* ExternalPhotoConversion.swift in Sources */ = {isa = PBXBuildFile; fileRef = A10000000000000000000004 /* ExternalPhotoConversion.swift */; };
		A20000000000000000000005 /* ConvertPhotosIntent.swift in Sources */ = {isa = PBXBuildFile; fileRef = A10000000000000000000005 /* ConvertPhotosIntent.swift */; };
		A20000000000000000000006 /* PhotoCollectionView.swift in Sources */ = {isa = PBXBuildFile; fileRef = A10000000000000000000006 /* PhotoCollectionView.swift */; };
		A20000000000000000000007 /* LibraryThumbnailView.swift in Sources */ = {isa = PBXBuildFile; fileRef = A10000000000000000000007 /* LibraryThumbnailView.swift */; };
		A20000000000000000000008 /* AlbumsView.swift in Sources */ = {isa = PBXBuildFile; fileRef = A10000000000000000000008 /* AlbumsView.swift */; };
		C10000000000000000000001 /* ShareViewController.swift in Sources */ = {isa = PBXBuildFile; fileRef = A10000000000000000000009 /* ShareViewController.swift */; };
		C10000000000000000000002 /* HEIFContainer.swift in Sources */ = {isa = PBXBuildFile; fileRef = 7252644EB19A9DBDEC00B0CB /* HEIFContainer.swift */; };
		C10000000000000000000003 /* Styles3Template.swift in Sources */ = {isa = PBXBuildFile; fileRef = 787E8F38C025D813298D432A /* Styles3Template.swift */; };
		C10000000000000000000004 /* Styles3Transplanter.swift in Sources */ = {isa = PBXBuildFile; fileRef = 876EC10D16898B78CAC73078 /* Styles3Transplanter.swift */; };
		C10000000000000000000005 /* LibraryModels.swift in Sources */ = {isa = PBXBuildFile; fileRef = A10000000000000000000001 /* LibraryModels.swift */; };
		C10000000000000000000006 /* PhotoModels.swift in Sources */ = {isa = PBXBuildFile; fileRef = 883B3030C8C374643F6966AC /* PhotoModels.swift */; };
		C10000000000000000000007 /* PhotoConversionService.swift in Sources */ = {isa = PBXBuildFile; fileRef = DC6DDC3FD02E168EF25BA18F /* PhotoConversionService.swift */; };
		C10000000000000000000008 /* PhotoLibraryWriter.swift in Sources */ = {isa = PBXBuildFile; fileRef = F5930D787EA022B1BE7B5F01 /* PhotoLibraryWriter.swift */; };
		C10000000000000000000009 /* ExternalPhotoConversion.swift in Sources */ = {isa = PBXBuildFile; fileRef = A10000000000000000000004 /* ExternalPhotoConversion.swift */; };
		C1000000000000000000000A /* Styles3Template.bin in Resources */ = {isa = PBXBuildFile; fileRef = 4AEB17ABF808B82466EB6D41 /* Styles3Template.bin */; };
		C1000000000000000000000B /* StylePortShareExtension.appex in Embed Foundation Extensions */ = {isa = PBXBuildFile; fileRef = A1000000000000000000000B /* StylePortShareExtension.appex */; settings = {ATTRIBUTES = (RemoveHeadersOnCopy, ); }; };
		0D87F7FE47A7BCBCCA523385 /* PhotoLibraryWriter.swift in Sources */ = {isa = PBXBuildFile; fileRef = F5930D787EA022B1BE7B5F01 /* PhotoLibraryWriter.swift */; };
		193EC9AE304BFDC395FCDEB6 /* RootView.swift in Sources */ = {isa = PBXBuildFile; fileRef = D3F83A7B188BFCCC27452C01 /* RootView.swift */; };
		350FDD4C056C12257C5D5B92 /* Assets.xcassets in Resources */ = {isa = PBXBuildFile; fileRef = 4D324440857D093D2A47EA2C /* Assets.xcassets */; };
		4B4CAF4FD0591308133D5463 /* HEIFContainer.swift in Sources */ = {isa = PBXBuildFile; fileRef = 7252644EB19A9DBDEC00B0CB /* HEIFContainer.swift */; };
		5CB56F6F7ABD1EB28FEA961F /* Styles3Template.swift in Sources */ = {isa = PBXBuildFile; fileRef = 787E8F38C025D813298D432A /* Styles3Template.swift */; };
		72BED12B739A70F147EFE529 /* Styles3Transplanter.swift in Sources */ = {isa = PBXBuildFile; fileRef = 876EC10D16898B78CAC73078 /* Styles3Transplanter.swift */; };
		7475379B8D06BBBEB07EE175 /* Styles3Template.bin in Resources */ = {isa = PBXBuildFile; fileRef = 4AEB17ABF808B82466EB6D41 /* Styles3Template.bin */; };
		7C2435083A1C33243F692883 /* StylePortUITests.swift in Sources */ = {isa = PBXBuildFile; fileRef = 1799419CC70121367DA3739C /* StylePortUITests.swift */; };
		83F917E59F457169CE6AC100 /* PhotoImporter.swift in Sources */ = {isa = PBXBuildFile; fileRef = F4E9766847313E6455F019B3 /* PhotoImporter.swift */; };
		859DD5C7C4473707C00AE2E7 /* PhotoModels.swift in Sources */ = {isa = PBXBuildFile; fileRef = 883B3030C8C374643F6966AC /* PhotoModels.swift */; };
		86D10CF23C98EE09AB174B8C /* StylePortApp.swift in Sources */ = {isa = PBXBuildFile; fileRef = F9E74179359A4BC4973B3F81 /* StylePortApp.swift */; };
		8AD576AF453DAB976D2B6238 /* PhotosView.swift in Sources */ = {isa = PBXBuildFile; fileRef = 557873794CBDEBE4810B0FFE /* PhotosView.swift */; };
		BF36ADED3E07EFF381323EE0 /* StylePortTests.swift in Sources */ = {isa = PBXBuildFile; fileRef = 8BD519EB91CB053F891478B3 /* StylePortTests.swift */; };
		DDB12E05CAF831ED3087A5C7 /* SettingsView.swift in Sources */ = {isa = PBXBuildFile; fileRef = 52DD3C5A0E629E95C4BB0FBD /* SettingsView.swift */; };
		EC262B373C4B888E6FB86536 /* AppPreferences.swift in Sources */ = {isa = PBXBuildFile; fileRef = 4D2F0AF4D6328EE6AEDA3084 /* AppPreferences.swift */; };
		F387F41A21F2C18EA761D12F /* PhotoConversionService.swift in Sources */ = {isa = PBXBuildFile; fileRef = DC6DDC3FD02E168EF25BA18F /* PhotoConversionService.swift */; };
		FE1E81F1C71F0872C497D9B2 /* ViewStyles.swift in Sources */ = {isa = PBXBuildFile; fileRef = B3B333EFA069A2B06BD4F9A6 /* ViewStyles.swift */; };
		C20000000000000000000001 /* ShareViewController.swift in Sources */ = {isa = PBXBuildFile; fileRef = A10000000000000000000009 /* ShareViewController.swift */; };
		C20000000000000000000002 /* HEIFContainer.swift in Sources */ = {isa = PBXBuildFile; fileRef = 7252644EB19A9DBDEC00B0CB /* HEIFContainer.swift */; };
		C20000000000000000000003 /* Styles3Template.swift in Sources */ = {isa = PBXBuildFile; fileRef = 787E8F38C025D813298D432A /* Styles3Template.swift */; };
		C20000000000000000000004 /* Styles3Transplanter.swift in Sources */ = {isa = PBXBuildFile; fileRef = 876EC10D16898B78CAC73078 /* Styles3Transplanter.swift */; };
		C20000000000000000000005 /* LibraryModels.swift in Sources */ = {isa = PBXBuildFile; fileRef = A10000000000000000000001 /* LibraryModels.swift */; };
		C20000000000000000000006 /* PhotoModels.swift in Sources */ = {isa = PBXBuildFile; fileRef = 883B3030C8C374643F6966AC /* PhotoModels.swift */; };
		C20000000000000000000007 /* PhotoConversionService.swift in Sources */ = {isa = PBXBuildFile; fileRef = DC6DDC3FD02E168EF25BA18F /* PhotoConversionService.swift */; };
		C20000000000000000000008 /* PhotoLibraryWriter.swift in Sources */ = {isa = PBXBuildFile; fileRef = F5930D787EA022B1BE7B5F01 /* PhotoLibraryWriter.swift */; };
		C20000000000000000000009 /* ExternalPhotoConversion.swift in Sources */ = {isa = PBXBuildFile; fileRef = A10000000000000000000004 /* ExternalPhotoConversion.swift */; };
		C2000000000000000000000A /* Styles3Template.bin in Resources */ = {isa = PBXBuildFile; fileRef = 4AEB17ABF808B82466EB6D41 /* Styles3Template.bin */; };
		C2000000000000000000000B /* StylePortActionExtension.appex in Embed Foundation Extensions */ = {isa = PBXBuildFile; fileRef = A2000000000000000000000B /* StylePortActionExtension.appex */; settings = {ATTRIBUTES = (RemoveHeadersOnCopy, ); }; };
/* End PBXBuildFile section */

/* Begin PBXCopyFilesBuildPhase section */
		E10000000000000000000004 /* Embed Foundation Extensions */ = {
			isa = PBXCopyFilesBuildPhase;
			buildActionMask = 2147483647;
			dstPath = "";
			dstSubfolderSpec = 13;
			files = (
				C1000000000000000000000B /* StylePortShareExtension.appex in Embed Foundation Extensions */,
				C2000000000000000000000B /* StylePortActionExtension.appex in Embed Foundation Extensions */,
			);
			name = "Embed Foundation Extensions";
			runOnlyForDeploymentPostprocessing = 0;
		};
/* End PBXCopyFilesBuildPhase section */

/* Begin PBXContainerItemProxy section */
		E10000000000000000000008 /* PBXContainerItemProxy */ = {
			isa = PBXContainerItemProxy;
			containerPortal = 5521F62BE557AD431772E63A /* Project object */;
			proxyType = 1;
			remoteGlobalIDString = E10000000000000000000001;
			remoteInfo = StylePortShareExtension;
		};
		11D08256DEAB07D48EF35A1D /* PBXContainerItemProxy */ = {
			isa = PBXContainerItemProxy;
			containerPortal = 5521F62BE557AD431772E63A /* Project object */;
			proxyType = 1;
			remoteGlobalIDString = 67EBA1196D723B582FE17A5F;
			remoteInfo = StylePort;
		};
		ABA409F5A675854CE100583C /* PBXContainerItemProxy */ = {
			isa = PBXContainerItemProxy;
			containerPortal = 5521F62BE557AD431772E63A /* Project object */;
			proxyType = 1;
			remoteGlobalIDString = 67EBA1196D723B582FE17A5F;
			remoteInfo = StylePort;
		};
		E20000000000000000000008 /* PBXContainerItemProxy */ = {
			isa = PBXContainerItemProxy;
			containerPortal = 5521F62BE557AD431772E63A /* Project object */;
			proxyType = 1;
			remoteGlobalIDString = E20000000000000000000001;
			remoteInfo = StylePortActionExtension;
		};

/* End PBXContainerItemProxy section */

/* Begin PBXFileReference section */
        B91000000000000000000004 /* LivePhotoMovieConverter.swift */ = {isa = PBXFileReference; lastKnownFileType = sourcecode.swift; path = LivePhotoMovieConverter.swift; sourceTree = "<group>"; };
        B92000000000000000000004 /* QuickTimeMetadataTransplanter.swift */ = {isa = PBXFileReference; lastKnownFileType = sourcecode.swift; path = QuickTimeMetadataTransplanter.swift; sourceTree = "<group>"; };
        B90000000000000000000004 /* LivePhotoResources.swift */ = {isa = PBXFileReference; lastKnownFileType = sourcecode.swift; path = LivePhotoResources.swift; sourceTree = "<group>"; };
		F40000000000000000000004 /* Action Assets.xcassets */ = {isa = PBXFileReference; lastKnownFileType = folder.assetcatalog; name = "Action Assets.xcassets"; path = StylePortActionExtension/Assets.xcassets; sourceTree = SOURCE_ROOT; };
		F40000000000000000000003 /* NamedPhotoPicker.swift */ = {isa = PBXFileReference; lastKnownFileType = sourcecode.swift; path = NamedPhotoPicker.swift; sourceTree = "<group>"; };
		F40000000000000000000001 /* PhotoMetadataReader.swift */ = {isa = PBXFileReference; lastKnownFileType = sourcecode.swift; path = PhotoMetadataReader.swift; sourceTree = "<group>"; };
		F40000000000000000000002 /* PhotoInfoView.swift */ = {isa = PBXFileReference; lastKnownFileType = sourcecode.swift; path = PhotoInfoView.swift; sourceTree = "<group>"; };
		A10000000000000000000001 /* LibraryModels.swift */ = {isa = PBXFileReference; lastKnownFileType = sourcecode.swift; path = LibraryModels.swift; sourceTree = "<group>"; };
		A10000000000000000000002 /* PhotoLibraryStore.swift */ = {isa = PBXFileReference; lastKnownFileType = sourcecode.swift; path = PhotoLibraryStore.swift; sourceTree = "<group>"; };
		A10000000000000000000003 /* BatchConversionCoordinator.swift */ = {isa = PBXFileReference; lastKnownFileType = sourcecode.swift; path = BatchConversionCoordinator.swift; sourceTree = "<group>"; };
		A10000000000000000000004 /* ExternalPhotoConversion.swift */ = {isa = PBXFileReference; lastKnownFileType = sourcecode.swift; path = ExternalPhotoConversion.swift; sourceTree = "<group>"; };
		A10000000000000000000005 /* ConvertPhotosIntent.swift */ = {isa = PBXFileReference; lastKnownFileType = sourcecode.swift; path = ConvertPhotosIntent.swift; sourceTree = "<group>"; };
		A10000000000000000000006 /* PhotoCollectionView.swift */ = {isa = PBXFileReference; lastKnownFileType = sourcecode.swift; path = PhotoCollectionView.swift; sourceTree = "<group>"; };
		A10000000000000000000007 /* LibraryThumbnailView.swift */ = {isa = PBXFileReference; lastKnownFileType = sourcecode.swift; path = LibraryThumbnailView.swift; sourceTree = "<group>"; };
		A10000000000000000000008 /* AlbumsView.swift */ = {isa = PBXFileReference; lastKnownFileType = sourcecode.swift; path = AlbumsView.swift; sourceTree = "<group>"; };
		A10000000000000000000009 /* ShareViewController.swift */ = {isa = PBXFileReference; lastKnownFileType = sourcecode.swift; path = ShareViewController.swift; sourceTree = "<group>"; };
		A1000000000000000000000A /* Info.plist */ = {isa = PBXFileReference; lastKnownFileType = text.plist.xml; path = Info.plist; sourceTree = "<group>"; };
		A1000000000000000000000B /* StylePortShareExtension.appex */ = {isa = PBXFileReference; explicitFileType = "wrapper.app-extension"; includeInIndex = 0; path = StylePortShareExtension.appex; sourceTree = BUILT_PRODUCTS_DIR; };
		019B93BD5CF16A21C52924EF /* StylePortUITests.xctest */ = {isa = PBXFileReference; includeInIndex = 0; lastKnownFileType = wrapper.cfbundle; path = StylePortUITests.xctest; sourceTree = BUILT_PRODUCTS_DIR; };
		1799419CC70121367DA3739C /* StylePortUITests.swift */ = {isa = PBXFileReference; lastKnownFileType = sourcecode.swift; path = StylePortUITests.swift; sourceTree = "<group>"; };
		432F9D4C4F8E7ACF6423F082 /* StylePortTests.xctest */ = {isa = PBXFileReference; includeInIndex = 0; lastKnownFileType = wrapper.cfbundle; path = StylePortTests.xctest; sourceTree = BUILT_PRODUCTS_DIR; };
		4AEB17ABF808B82466EB6D41 /* Styles3Template.bin */ = {isa = PBXFileReference; lastKnownFileType = archive.macbinary; path = Styles3Template.bin; sourceTree = "<group>"; };
		4D2F0AF4D6328EE6AEDA3084 /* AppPreferences.swift */ = {isa = PBXFileReference; lastKnownFileType = sourcecode.swift; path = AppPreferences.swift; sourceTree = "<group>"; };
		4D324440857D093D2A47EA2C /* Assets.xcassets */ = {isa = PBXFileReference; lastKnownFileType = folder.assetcatalog; path = Assets.xcassets; sourceTree = "<group>"; };
		52DD3C5A0E629E95C4BB0FBD /* SettingsView.swift */ = {isa = PBXFileReference; lastKnownFileType = sourcecode.swift; path = SettingsView.swift; sourceTree = "<group>"; };
		557873794CBDEBE4810B0FFE /* PhotosView.swift */ = {isa = PBXFileReference; lastKnownFileType = sourcecode.swift; path = PhotosView.swift; sourceTree = "<group>"; };
		7252644EB19A9DBDEC00B0CB /* HEIFContainer.swift */ = {isa = PBXFileReference; lastKnownFileType = sourcecode.swift; path = HEIFContainer.swift; sourceTree = "<group>"; };
		787E8F38C025D813298D432A /* Styles3Template.swift */ = {isa = PBXFileReference; lastKnownFileType = sourcecode.swift; path = Styles3Template.swift; sourceTree = "<group>"; };
		876EC10D16898B78CAC73078 /* Styles3Transplanter.swift */ = {isa = PBXFileReference; lastKnownFileType = sourcecode.swift; path = Styles3Transplanter.swift; sourceTree = "<group>"; };
		883B3030C8C374643F6966AC /* PhotoModels.swift */ = {isa = PBXFileReference; lastKnownFileType = sourcecode.swift; path = PhotoModels.swift; sourceTree = "<group>"; };
		8BD519EB91CB053F891478B3 /* StylePortTests.swift */ = {isa = PBXFileReference; lastKnownFileType = sourcecode.swift; path = StylePortTests.swift; sourceTree = "<group>"; };
		B3B333EFA069A2B06BD4F9A6 /* ViewStyles.swift */ = {isa = PBXFileReference; lastKnownFileType = sourcecode.swift; path = ViewStyles.swift; sourceTree = "<group>"; };
		D3F83A7B188BFCCC27452C01 /* RootView.swift */ = {isa = PBXFileReference; lastKnownFileType = sourcecode.swift; path = RootView.swift; sourceTree = "<group>"; };
		DC6DDC3FD02E168EF25BA18F /* PhotoConversionService.swift */ = {isa = PBXFileReference; lastKnownFileType = sourcecode.swift; path = PhotoConversionService.swift; sourceTree = "<group>"; };
		F1FE7C8FE74C7D5E43C6710E /* StylePort.app */ = {isa = PBXFileReference; includeInIndex = 0; lastKnownFileType = wrapper.application; path = StylePort.app; sourceTree = BUILT_PRODUCTS_DIR; };
		F4E9766847313E6455F019B3 /* PhotoImporter.swift */ = {isa = PBXFileReference; lastKnownFileType = sourcecode.swift; path = PhotoImporter.swift; sourceTree = "<group>"; };
		F5930D787EA022B1BE7B5F01 /* PhotoLibraryWriter.swift */ = {isa = PBXFileReference; lastKnownFileType = sourcecode.swift; path = PhotoLibraryWriter.swift; sourceTree = "<group>"; };
		F9E74179359A4BC4973B3F81 /* StylePortApp.swift */ = {isa = PBXFileReference; lastKnownFileType = sourcecode.swift; path = StylePortApp.swift; sourceTree = "<group>"; };
		A2000000000000000000000B /* StylePortActionExtension.appex */ = {isa = PBXFileReference; explicitFileType = "wrapper.app-extension"; includeInIndex = 0; path = StylePortActionExtension.appex; sourceTree = BUILT_PRODUCTS_DIR; };
/* End PBXFileReference section */

/* Begin PBXGroup section */
		002FBA055C6FE3C9B05F91AB /* Core */ = {
			isa = PBXGroup;
			children = (
                B90000000000000000000004 /* LivePhotoResources.swift */,
                B91000000000000000000004 /* LivePhotoMovieConverter.swift */,
                B92000000000000000000004 /* QuickTimeMetadataTransplanter.swift */,
				7252644EB19A9DBDEC00B0CB /* HEIFContainer.swift */,
				787E8F38C025D813298D432A /* Styles3Template.swift */,
				876EC10D16898B78CAC73078 /* Styles3Transplanter.swift */,
			);
			path = Core;
			sourceTree = "<group>";
		};
		052FA3C6B8C3D1EA0D19764B = {
			isa = PBXGroup;
			children = (
				F40000000000000000000004 /* Action Assets.xcassets */,
				8858BA4A94276384BD37F962 /* StylePort */,
				7A8E71FF58DCDFDAFE9451FA /* StylePortTests */,
				ED7B5B4060DE6E5A43338EEA /* StylePortUITests */,
				D10000000000000000000001 /* StylePortShareExtension */,
				716DA33284CE25EC1F787CCD /* Products */,
			);
			sourceTree = "<group>";
		};
		2F169EC357BFDEE18A9DE473 /* App */ = {
			isa = PBXGroup;
			children = (
				4D2F0AF4D6328EE6AEDA3084 /* AppPreferences.swift */,
				A10000000000000000000005 /* ConvertPhotosIntent.swift */,
				F9E74179359A4BC4973B3F81 /* StylePortApp.swift */,
			);
			path = App;
			sourceTree = "<group>";
		};
		716DA33284CE25EC1F787CCD /* Products */ = {
			isa = PBXGroup;
			children = (
				F1FE7C8FE74C7D5E43C6710E /* StylePort.app */,
				432F9D4C4F8E7ACF6423F082 /* StylePortTests.xctest */,
				019B93BD5CF16A21C52924EF /* StylePortUITests.xctest */,
				A1000000000000000000000B /* StylePortShareExtension.appex */,
				A2000000000000000000000B /* StylePortActionExtension.appex */,
			);
			name = Products;
			sourceTree = "<group>";
		};
		72886A1EDDA29F9C44EA51D8 /* Resources */ = {
			isa = PBXGroup;
			children = (
				4D324440857D093D2A47EA2C /* Assets.xcassets */,
				4AEB17ABF808B82466EB6D41 /* Styles3Template.bin */,
			);
			path = Resources;
			sourceTree = "<group>";
		};
		79FE20944FB3CBA4AE7B5C13 /* Views */ = {
			isa = PBXGroup;
			children = (
				F40000000000000000000003 /* NamedPhotoPicker.swift */,
				F40000000000000000000002 /* PhotoInfoView.swift */,
				557873794CBDEBE4810B0FFE /* PhotosView.swift */,
				A10000000000000000000006 /* PhotoCollectionView.swift */,
				A10000000000000000000007 /* LibraryThumbnailView.swift */,
				A10000000000000000000008 /* AlbumsView.swift */,
				D3F83A7B188BFCCC27452C01 /* RootView.swift */,
				52DD3C5A0E629E95C4BB0FBD /* SettingsView.swift */,
				B3B333EFA069A2B06BD4F9A6 /* ViewStyles.swift */,
			);
			path = Views;
			sourceTree = "<group>";
		};
		7A8E71FF58DCDFDAFE9451FA /* StylePortTests */ = {
			isa = PBXGroup;
			children = (
				8BD519EB91CB053F891478B3 /* StylePortTests.swift */,
			);
			path = StylePortTests;
			sourceTree = "<group>";
		};
		82330EE1D97CB74B6533D9C2 /* Models */ = {
			isa = PBXGroup;
			children = (
				883B3030C8C374643F6966AC /* PhotoModels.swift */,
				A10000000000000000000001 /* LibraryModels.swift */,
			);
			path = Models;
			sourceTree = "<group>";
		};
		8858BA4A94276384BD37F962 /* StylePort */ = {
			isa = PBXGroup;
			children = (
				2F169EC357BFDEE18A9DE473 /* App */,
				002FBA055C6FE3C9B05F91AB /* Core */,
				82330EE1D97CB74B6533D9C2 /* Models */,
				72886A1EDDA29F9C44EA51D8 /* Resources */,
				9891CAAA15B859B5F192B829 /* Services */,
				79FE20944FB3CBA4AE7B5C13 /* Views */,
			);
			path = StylePort;
			sourceTree = "<group>";
		};
		9891CAAA15B859B5F192B829 /* Services */ = {
			isa = PBXGroup;
			children = (
				F40000000000000000000001 /* PhotoMetadataReader.swift */,
				DC6DDC3FD02E168EF25BA18F /* PhotoConversionService.swift */,
				F4E9766847313E6455F019B3 /* PhotoImporter.swift */,
				F5930D787EA022B1BE7B5F01 /* PhotoLibraryWriter.swift */,
				A10000000000000000000002 /* PhotoLibraryStore.swift */,
				A10000000000000000000003 /* BatchConversionCoordinator.swift */,
				A10000000000000000000004 /* ExternalPhotoConversion.swift */,
			);
			path = Services;
			sourceTree = "<group>";
		};
		ED7B5B4060DE6E5A43338EEA /* StylePortUITests */ = {
			isa = PBXGroup;
			children = (
				1799419CC70121367DA3739C /* StylePortUITests.swift */,
			);
			path = StylePortUITests;
			sourceTree = "<group>";
		};
		D10000000000000000000001 /* StylePortShareExtension */ = {
			isa = PBXGroup;
			children = (
				A10000000000000000000009 /* ShareViewController.swift */,
				A1000000000000000000000A /* Info.plist */,
			);
			path = StylePortShareExtension;
			sourceTree = "<group>";
		};
/* End PBXGroup section */

/* Begin PBXNativeTarget section */
		67EBA1196D723B582FE17A5F /* StylePort */ = {
			isa = PBXNativeTarget;
			buildConfigurationList = B74F2B69506512952C170BCA /* Build configuration list for PBXNativeTarget "StylePort" */;
			buildPhases = (
				4D38AE74AB02DCFC40EA4484 /* Sources */,
				CFAA728363353DFE99E1FE80 /* Resources */,
				E10000000000000000000004 /* Embed Foundation Extensions */,
			);
			buildRules = (
			);
			dependencies = (
				E10000000000000000000009 /* PBXTargetDependency */,
				E20000000000000000000009 /* PBXTargetDependency */,
			);
			name = StylePort;
			packageProductDependencies = (
			);
			productName = StylePort;
			productReference = F1FE7C8FE74C7D5E43C6710E /* StylePort.app */;
			productType = "com.apple.product-type.application";
		};
		8CCAC53DA690F6F4E4AF3A0B /* StylePortTests */ = {
			isa = PBXNativeTarget;
			buildConfigurationList = 9EF1234056608378D4A4F14B /* Build configuration list for PBXNativeTarget "StylePortTests" */;
			buildPhases = (
				0CADABD325CBCD8A1297A004 /* Sources */,
			);
			buildRules = (
			);
			dependencies = (
				690C4D36A3694656FFEF7A99 /* PBXTargetDependency */,
			);
			name = StylePortTests;
			packageProductDependencies = (
			);
			productName = StylePortTests;
			productReference = 432F9D4C4F8E7ACF6423F082 /* StylePortTests.xctest */;
			productType = "com.apple.product-type.bundle.unit-test";
		};
		D46FED502BC6D6E7AAA762D0 /* StylePortUITests */ = {
			isa = PBXNativeTarget;
			buildConfigurationList = 6DF0046C9ED1651CC4F1FA79 /* Build configuration list for PBXNativeTarget "StylePortUITests" */;
			buildPhases = (
				45B1BF01E19BB55AF1FA41E6 /* Sources */,
			);
			buildRules = (
			);
			dependencies = (
				D7064B1CF1B987007987767C /* PBXTargetDependency */,
			);
			name = StylePortUITests;
			packageProductDependencies = (
			);
			productName = StylePortUITests;
			productReference = 019B93BD5CF16A21C52924EF /* StylePortUITests.xctest */;
			productType = "com.apple.product-type.bundle.ui-testing";
		};
		E10000000000000000000001 /* StylePortShareExtension */ = {
			isa = PBXNativeTarget;
			buildConfigurationList = E10000000000000000000007 /* Build configuration list for PBXNativeTarget "StylePortShareExtension" */;
			buildPhases = (
				E10000000000000000000002 /* Sources */,
				E10000000000000000000003 /* Resources */,
			);
			buildRules = (
			);
			dependencies = (
			);
			name = StylePortShareExtension;
			packageProductDependencies = (
			);
			productName = StylePortShareExtension;
			productReference = A1000000000000000000000B /* StylePortShareExtension.appex */;
			productType = "com.apple.product-type.app-extension";
		};
		E20000000000000000000001 /* StylePortActionExtension */ = {
			isa = PBXNativeTarget;
			buildConfigurationList = E20000000000000000000007 /* Build configuration list for PBXNativeTarget "StylePortActionExtension" */;
			buildPhases = (
				E20000000000000000000002 /* Sources */,
				E20000000000000000000003 /* Resources */,
			);
			buildRules = (
			);
			dependencies = (
			);
			name = StylePortActionExtension;
			packageProductDependencies = (
			);
			productName = StylePortActionExtension;
			productReference = A2000000000000000000000B /* StylePortActionExtension.appex */;
			productType = "com.apple.product-type.app-extension";
		};

/* End PBXNativeTarget section */

/* Begin PBXProject section */
		5521F62BE557AD431772E63A /* Project object */ = {
			isa = PBXProject;
			attributes = {
				BuildIndependentTargetsInParallel = YES;
				LastUpgradeCheck = 1430;
				TargetAttributes = {
					67EBA1196D723B582FE17A5F = {
						DevelopmentTeam = "";
					};
					D46FED502BC6D6E7AAA762D0 = {
						TestTargetID = 67EBA1196D723B582FE17A5F;
					};
					E10000000000000000000001 = {
						DevelopmentTeam = "";
					};
				};
			};
			buildConfigurationList = 037CACE559179F7DEE5627C0 /* Build configuration list for PBXProject "StylePort" */;
			developmentRegion = en;
			hasScannedForEncodings = 0;
			knownRegions = (
				Base,
				en,
				zh_Hans,
			);
			mainGroup = 052FA3C6B8C3D1EA0D19764B;
			minimizedProjectReferenceProxies = 1;
			preferredProjectObjectVersion = 77;
			productRefGroup = 716DA33284CE25EC1F787CCD /* Products */;
			projectDirPath = "";
			projectRoot = "";
			targets = (
				67EBA1196D723B582FE17A5F /* StylePort */,
				E10000000000000000000001 /* StylePortShareExtension */,
				E20000000000000000000001 /* StylePortActionExtension */,
				8CCAC53DA690F6F4E4AF3A0B /* StylePortTests */,
				D46FED502BC6D6E7AAA762D0 /* StylePortUITests */,
			);
		};
/* End PBXProject section */

/* Begin PBXResourcesBuildPhase section */
		E10000000000000000000003 /* Resources */ = {
			isa = PBXResourcesBuildPhase;
			buildActionMask = 2147483647;
			files = (
				C1000000000000000000000A /* Styles3Template.bin in Resources */,
			);
			runOnlyForDeploymentPostprocessing = 0;
		};
		CFAA728363353DFE99E1FE80 /* Resources */ = {
			isa = PBXResourcesBuildPhase;
			buildActionMask = 2147483647;
			files = (
				350FDD4C056C12257C5D5B92 /* Assets.xcassets in Resources */,
				7475379B8D06BBBEB07EE175 /* Styles3Template.bin in Resources */,
			);
			runOnlyForDeploymentPostprocessing = 0;
		};
		E20000000000000000000003 /* Resources */ = {
			isa = PBXResourcesBuildPhase;
			buildActionMask = 2147483647;
			files = (
				F30000000000000000000004 /* Action Assets.xcassets in Resources */,
				C2000000000000000000000A /* Styles3Template.bin in Resources */,
			);
			runOnlyForDeploymentPostprocessing = 0;
		};

/* End PBXResourcesBuildPhase section */

/* Begin PBXSourcesBuildPhase section */
		E10000000000000000000002 /* Sources */ = {
			isa = PBXSourcesBuildPhase;
			buildActionMask = 2147483647;
			files = (
                B90000000000000000000002 /* LivePhotoResources.swift in Sources */,
                B91000000000000000000002 /* LivePhotoMovieConverter.swift in Sources */,
                B92000000000000000000002 /* QuickTimeMetadataTransplanter.swift in Sources */,
				C10000000000000000000001 /* ShareViewController.swift in Sources */,
				C10000000000000000000002 /* HEIFContainer.swift in Sources */,
				C10000000000000000000003 /* Styles3Template.swift in Sources */,
				C10000000000000000000004 /* Styles3Transplanter.swift in Sources */,
				C10000000000000000000005 /* LibraryModels.swift in Sources */,
				C10000000000000000000006 /* PhotoModels.swift in Sources */,
				C10000000000000000000007 /* PhotoConversionService.swift in Sources */,
				C10000000000000000000008 /* PhotoLibraryWriter.swift in Sources */,
				C10000000000000000000009 /* ExternalPhotoConversion.swift in Sources */,
			);
			runOnlyForDeploymentPostprocessing = 0;
		};
		0CADABD325CBCD8A1297A004 /* Sources */ = {
			isa = PBXSourcesBuildPhase;
			buildActionMask = 2147483647;
			files = (
				BF36ADED3E07EFF381323EE0 /* StylePortTests.swift in Sources */,
			);
			runOnlyForDeploymentPostprocessing = 0;
		};
		45B1BF01E19BB55AF1FA41E6 /* Sources */ = {
			isa = PBXSourcesBuildPhase;
			buildActionMask = 2147483647;
			files = (
				7C2435083A1C33243F692883 /* StylePortUITests.swift in Sources */,
			);
			runOnlyForDeploymentPostprocessing = 0;
		};
		4D38AE74AB02DCFC40EA4484 /* Sources */ = {
			isa = PBXSourcesBuildPhase;
			buildActionMask = 2147483647;
			files = (
                B90000000000000000000001 /* LivePhotoResources.swift in Sources */,
                B91000000000000000000001 /* LivePhotoMovieConverter.swift in Sources */,
                B92000000000000000000001 /* QuickTimeMetadataTransplanter.swift in Sources */,
				F30000000000000000000003 /* NamedPhotoPicker.swift in Sources */,
				F30000000000000000000001 /* PhotoMetadataReader.swift in Sources */,
				F30000000000000000000002 /* PhotoInfoView.swift in Sources */,
				A20000000000000000000001 /* LibraryModels.swift in Sources */,
				A20000000000000000000002 /* PhotoLibraryStore.swift in Sources */,
				A20000000000000000000003 /* BatchConversionCoordinator.swift in Sources */,
				A20000000000000000000004 /* ExternalPhotoConversion.swift in Sources */,
				A20000000000000000000005 /* ConvertPhotosIntent.swift in Sources */,
				A20000000000000000000006 /* PhotoCollectionView.swift in Sources */,
				A20000000000000000000007 /* LibraryThumbnailView.swift in Sources */,
				A20000000000000000000008 /* AlbumsView.swift in Sources */,
				EC262B373C4B888E6FB86536 /* AppPreferences.swift in Sources */,
				4B4CAF4FD0591308133D5463 /* HEIFContainer.swift in Sources */,
				F387F41A21F2C18EA761D12F /* PhotoConversionService.swift in Sources */,
				83F917E59F457169CE6AC100 /* PhotoImporter.swift in Sources */,
				0D87F7FE47A7BCBCCA523385 /* PhotoLibraryWriter.swift in Sources */,
				859DD5C7C4473707C00AE2E7 /* PhotoModels.swift in Sources */,
				8AD576AF453DAB976D2B6238 /* PhotosView.swift in Sources */,
				193EC9AE304BFDC395FCDEB6 /* RootView.swift in Sources */,
				DDB12E05CAF831ED3087A5C7 /* SettingsView.swift in Sources */,
				86D10CF23C98EE09AB174B8C /* StylePortApp.swift in Sources */,
				5CB56F6F7ABD1EB28FEA961F /* Styles3Template.swift in Sources */,
				72BED12B739A70F147EFE529 /* Styles3Transplanter.swift in Sources */,
				FE1E81F1C71F0872C497D9B2 /* ViewStyles.swift in Sources */,
			);
			runOnlyForDeploymentPostprocessing = 0;
		};
		E20000000000000000000002 /* Sources */ = {
			isa = PBXSourcesBuildPhase;
			buildActionMask = 2147483647;
			files = (
                B90000000000000000000003 /* LivePhotoResources.swift in Sources */,
                B91000000000000000000003 /* LivePhotoMovieConverter.swift in Sources */,
                B92000000000000000000003 /* QuickTimeMetadataTransplanter.swift in Sources */,
				C20000000000000000000001 /* ShareViewController.swift in Sources */,
				C20000000000000000000002 /* HEIFContainer.swift in Sources */,
				C20000000000000000000003 /* Styles3Template.swift in Sources */,
				C20000000000000000000004 /* Styles3Transplanter.swift in Sources */,
				C20000000000000000000005 /* LibraryModels.swift in Sources */,
				C20000000000000000000006 /* PhotoModels.swift in Sources */,
				C20000000000000000000007 /* PhotoConversionService.swift in Sources */,
				C20000000000000000000008 /* PhotoLibraryWriter.swift in Sources */,
				C20000000000000000000009 /* ExternalPhotoConversion.swift in Sources */,
			);
			runOnlyForDeploymentPostprocessing = 0;
		};

/* End PBXSourcesBuildPhase section */

/* Begin PBXTargetDependency section */
		E10000000000000000000009 /* PBXTargetDependency */ = {
			isa = PBXTargetDependency;
			target = E10000000000000000000001 /* StylePortShareExtension */;
			targetProxy = E10000000000000000000008 /* PBXContainerItemProxy */;
		};
		690C4D36A3694656FFEF7A99 /* PBXTargetDependency */ = {
			isa = PBXTargetDependency;
			target = 67EBA1196D723B582FE17A5F /* StylePort */;
			targetProxy = ABA409F5A675854CE100583C /* PBXContainerItemProxy */;
		};
		D7064B1CF1B987007987767C /* PBXTargetDependency */ = {
			isa = PBXTargetDependency;
			target = 67EBA1196D723B582FE17A5F /* StylePort */;
			targetProxy = 11D08256DEAB07D48EF35A1D /* PBXContainerItemProxy */;
		};
		E20000000000000000000009 /* PBXTargetDependency */ = {
			isa = PBXTargetDependency;
			target = E20000000000000000000001 /* StylePortActionExtension */;
			targetProxy = E20000000000000000000008 /* PBXContainerItemProxy */;
		};

/* End PBXTargetDependency section */

/* Begin XCBuildConfiguration section */
		E10000000000000000000005 /* Debug */ = {
			isa = XCBuildConfiguration;
			buildSettings = {
				APPLICATION_EXTENSION_API_ONLY = YES;
				CODE_SIGN_STYLE = Automatic;
				CURRENT_PROJECT_VERSION = 2;
				GENERATE_INFOPLIST_FILE = NO;
				INFOPLIST_FILE = StylePortShareExtension/Info.plist;
				IPHONEOS_DEPLOYMENT_TARGET = 17.0;
				LD_RUNPATH_SEARCH_PATHS = (
					"$(inherited)",
					"@executable_path/Frameworks",
					"@executable_path/../../Frameworks",
				);
				MARKETING_VERSION = 0.0.2;
				PRODUCT_BUNDLE_IDENTIFIER = com.styleport.app.share;
				PRODUCT_NAME = "$(TARGET_NAME)";
				SDKROOT = iphoneos;
				SKIP_INSTALL = YES;
				SWIFT_APPROACHABLE_CONCURRENCY = YES;
				SWIFT_DEFAULT_ACTOR_ISOLATION = MainActor;
				SWIFT_OPTIMIZATION_LEVEL = "-Onone";
				SWIFT_VERSION = 6.0;
				TARGETED_DEVICE_FAMILY = "1,2";
			};
			name = Debug;
		};
		E10000000000000000000006 /* Release */ = {
			isa = XCBuildConfiguration;
			buildSettings = {
				APPLICATION_EXTENSION_API_ONLY = YES;
				CODE_SIGN_STYLE = Automatic;
				CURRENT_PROJECT_VERSION = 2;
				GENERATE_INFOPLIST_FILE = NO;
				INFOPLIST_FILE = StylePortShareExtension/Info.plist;
				IPHONEOS_DEPLOYMENT_TARGET = 17.0;
				LD_RUNPATH_SEARCH_PATHS = (
					"$(inherited)",
					"@executable_path/Frameworks",
					"@executable_path/../../Frameworks",
				);
				MARKETING_VERSION = 0.0.2;
				PRODUCT_BUNDLE_IDENTIFIER = com.styleport.app.share;
				PRODUCT_NAME = "$(TARGET_NAME)";
				SDKROOT = iphoneos;
				SKIP_INSTALL = YES;
				SWIFT_APPROACHABLE_CONCURRENCY = YES;
				SWIFT_COMPILATION_MODE = wholemodule;
				SWIFT_DEFAULT_ACTOR_ISOLATION = MainActor;
				SWIFT_OPTIMIZATION_LEVEL = "-O";
				SWIFT_VERSION = 6.0;
				TARGETED_DEVICE_FAMILY = "1,2";
			};
			name = Release;
		};
		1DCB3F94E60CF2AB3E1B4144 /* Debug */ = {
			isa = XCBuildConfiguration;
			buildSettings = {
				ALWAYS_SEARCH_USER_PATHS = NO;
				ASSETCATALOG_COMPILER_GENERATE_SWIFT_ASSET_SYMBOL_EXTENSIONS = YES;
				CLANG_ANALYZER_NONNULL = YES;
				CLANG_ANALYZER_NUMBER_OBJECT_CONVERSION = YES_AGGRESSIVE;
				CLANG_CXX_LANGUAGE_STANDARD = "gnu++14";
				CLANG_CXX_LIBRARY = "libc++";
				CLANG_ENABLE_MODULES = YES;
				CLANG_ENABLE_OBJC_ARC = YES;
				CLANG_ENABLE_OBJC_WEAK = YES;
				CLANG_WARN_BLOCK_CAPTURE_AUTORELEASING = YES;
				CLANG_WARN_BOOL_CONVERSION = YES;
				CLANG_WARN_COMMA = YES;
				CLANG_WARN_CONSTANT_CONVERSION = YES;
				CLANG_WARN_DEPRECATED_OBJC_IMPLEMENTATIONS = YES;
				CLANG_WARN_DIRECT_OBJC_ISA_USAGE = YES_ERROR;
				CLANG_WARN_DOCUMENTATION_COMMENTS = YES;
				CLANG_WARN_EMPTY_BODY = YES;
				CLANG_WARN_ENUM_CONVERSION = YES;
				CLANG_WARN_INFINITE_RECURSION = YES;
				CLANG_WARN_INT_CONVERSION = YES;
				CLANG_WARN_NON_LITERAL_NULL_CONVERSION = YES;
				CLANG_WARN_OBJC_IMPLICIT_RETAIN_SELF = YES;
				CLANG_WARN_OBJC_LITERAL_CONVERSION = YES;
				CLANG_WARN_OBJC_ROOT_CLASS = YES_ERROR;
				CLANG_WARN_QUOTED_INCLUDE_IN_FRAMEWORK_HEADER = YES;
				CLANG_WARN_RANGE_LOOP_ANALYSIS = YES;
				CLANG_WARN_STRICT_PROTOTYPES = YES;
				CLANG_WARN_SUSPICIOUS_MOVE = YES;
				CLANG_WARN_UNGUARDED_AVAILABILITY = YES_AGGRESSIVE;
				CLANG_WARN_UNREACHABLE_CODE = YES;
				CLANG_WARN__DUPLICATE_METHOD_MATCH = YES;
				COPY_PHASE_STRIP = NO;
				CURRENT_PROJECT_VERSION = 2;
				DEBUG_INFORMATION_FORMAT = dwarf;
				ENABLE_STRICT_OBJC_MSGSEND = YES;
				ENABLE_TESTABILITY = YES;
				ENABLE_USER_SCRIPT_SANDBOXING = YES;
				GCC_C_LANGUAGE_STANDARD = gnu11;
				GCC_DYNAMIC_NO_PIC = NO;
				GCC_NO_COMMON_BLOCKS = YES;
				GCC_OPTIMIZATION_LEVEL = 0;
				GCC_PREPROCESSOR_DEFINITIONS = (
					"$(inherited)",
					"DEBUG=1",
				);
				GCC_WARN_64_TO_32_BIT_CONVERSION = YES;
				GCC_WARN_ABOUT_RETURN_TYPE = YES_ERROR;
				GCC_WARN_UNDECLARED_SELECTOR = YES;
				GCC_WARN_UNINITIALIZED_AUTOS = YES_AGGRESSIVE;
				GCC_WARN_UNUSED_FUNCTION = YES;
				GCC_WARN_UNUSED_VARIABLE = YES;
				IPHONEOS_DEPLOYMENT_TARGET = 17.0;
				MARKETING_VERSION = 0.0.2;
				MTL_ENABLE_DEBUG_INFO = INCLUDE_SOURCE;
				MTL_FAST_MATH = YES;
				ONLY_ACTIVE_ARCH = YES;
				PRODUCT_NAME = "$(TARGET_NAME)";
				SDKROOT = iphoneos;
				SWIFT_ACTIVE_COMPILATION_CONDITIONS = DEBUG;
				SWIFT_APPROACHABLE_CONCURRENCY = YES;
				SWIFT_DEFAULT_ACTOR_ISOLATION = MainActor;
				SWIFT_OPTIMIZATION_LEVEL = "-Onone";
				SWIFT_VERSION = 6.0;
			};
			name = Debug;
		};
		2A1891CB15AA27208C6B4EC7 /* Debug */ = {
			isa = XCBuildConfiguration;
			buildSettings = {
				BUNDLE_LOADER = "$(TEST_HOST)";
				GENERATE_INFOPLIST_FILE = YES;
				LD_RUNPATH_SEARCH_PATHS = (
					"$(inherited)",
					"@executable_path/Frameworks",
					"@loader_path/Frameworks",
				);
				PRODUCT_BUNDLE_IDENTIFIER = com.styleport.tests;
				SDKROOT = iphoneos;
				TARGETED_DEVICE_FAMILY = "1,2";
				TEST_HOST = "$(BUILT_PRODUCTS_DIR)/StylePort.app/StylePort";
			};
			name = Debug;
		};
		661B378DFD2EE4E41A1CF9D7 /* Release */ = {
			isa = XCBuildConfiguration;
			buildSettings = {
				ASSETCATALOG_COMPILER_APPICON_NAME = AppIcon;
				CODE_SIGNING_ALLOWED = NO;
				CODE_SIGNING_REQUIRED = NO;
				CODE_SIGN_IDENTITY = "";
				DEVELOPMENT_TEAM = "";
				GENERATE_INFOPLIST_FILE = NO;
				INFOPLIST_FILE = StylePort/Resources/Info.plist;
				LD_RUNPATH_SEARCH_PATHS = (
					"$(inherited)",
					"@executable_path/Frameworks",
				);
				PRODUCT_BUNDLE_IDENTIFIER = com.styleport.app;
				PRODUCT_NAME = StylePort;
				SDKROOT = iphoneos;
				TARGETED_DEVICE_FAMILY = "1,2";
			};
			name = Release;
		};
		AB2D1A7B3A7396643F5C04DD /* Release */ = {
			isa = XCBuildConfiguration;
			buildSettings = {
				BUNDLE_LOADER = "$(TEST_HOST)";
				GENERATE_INFOPLIST_FILE = YES;
				LD_RUNPATH_SEARCH_PATHS = (
					"$(inherited)",
					"@executable_path/Frameworks",
					"@loader_path/Frameworks",
				);
				PRODUCT_BUNDLE_IDENTIFIER = com.styleport.uitests;
				SDKROOT = iphoneos;
				TARGETED_DEVICE_FAMILY = "1,2";
				TEST_TARGET_NAME = StylePort;
			};
			name = Release;
		};
		BD4CD830261BCF7CBEC0D255 /* Debug */ = {
			isa = XCBuildConfiguration;
			buildSettings = {
				BUNDLE_LOADER = "$(TEST_HOST)";
				GENERATE_INFOPLIST_FILE = YES;
				LD_RUNPATH_SEARCH_PATHS = (
					"$(inherited)",
					"@executable_path/Frameworks",
					"@loader_path/Frameworks",
				);
				PRODUCT_BUNDLE_IDENTIFIER = com.styleport.uitests;
				SDKROOT = iphoneos;
				TARGETED_DEVICE_FAMILY = "1,2";
				TEST_TARGET_NAME = StylePort;
			};
			name = Debug;
		};
		DFBAB6368E6394409F5457AD /* Release */ = {
			isa = XCBuildConfiguration;
			buildSettings = {
				BUNDLE_LOADER = "$(TEST_HOST)";
				GENERATE_INFOPLIST_FILE = YES;
				LD_RUNPATH_SEARCH_PATHS = (
					"$(inherited)",
					"@executable_path/Frameworks",
					"@loader_path/Frameworks",
				);
				PRODUCT_BUNDLE_IDENTIFIER = com.styleport.tests;
				SDKROOT = iphoneos;
				TARGETED_DEVICE_FAMILY = "1,2";
				TEST_HOST = "$(BUILT_PRODUCTS_DIR)/StylePort.app/StylePort";
			};
			name = Release;
		};
		E34B21FE2FA4612439BD4D5F /* Debug */ = {
			isa = XCBuildConfiguration;
			buildSettings = {
				ASSETCATALOG_COMPILER_APPICON_NAME = AppIcon;
				CODE_SIGNING_ALLOWED = NO;
				CODE_SIGNING_REQUIRED = NO;
				CODE_SIGN_IDENTITY = "";
				DEVELOPMENT_TEAM = "";
				GENERATE_INFOPLIST_FILE = NO;
				INFOPLIST_FILE = StylePort/Resources/Info.plist;
				LD_RUNPATH_SEARCH_PATHS = (
					"$(inherited)",
					"@executable_path/Frameworks",
				);
				PRODUCT_BUNDLE_IDENTIFIER = com.styleport.app;
				PRODUCT_NAME = StylePort;
				SDKROOT = iphoneos;
				TARGETED_DEVICE_FAMILY = "1,2";
			};
			name = Debug;
		};
		F63C067E1F2E31AF9E86F8A2 /* Release */ = {
			isa = XCBuildConfiguration;
			buildSettings = {
				ALWAYS_SEARCH_USER_PATHS = NO;
				ASSETCATALOG_COMPILER_GENERATE_SWIFT_ASSET_SYMBOL_EXTENSIONS = YES;
				CLANG_ANALYZER_NONNULL = YES;
				CLANG_ANALYZER_NUMBER_OBJECT_CONVERSION = YES_AGGRESSIVE;
				CLANG_CXX_LANGUAGE_STANDARD = "gnu++14";
				CLANG_CXX_LIBRARY = "libc++";
				CLANG_ENABLE_MODULES = YES;
				CLANG_ENABLE_OBJC_ARC = YES;
				CLANG_ENABLE_OBJC_WEAK = YES;
				CLANG_WARN_BLOCK_CAPTURE_AUTORELEASING = YES;
				CLANG_WARN_BOOL_CONVERSION = YES;
				CLANG_WARN_COMMA = YES;
				CLANG_WARN_CONSTANT_CONVERSION = YES;
				CLANG_WARN_DEPRECATED_OBJC_IMPLEMENTATIONS = YES;
				CLANG_WARN_DIRECT_OBJC_ISA_USAGE = YES_ERROR;
				CLANG_WARN_DOCUMENTATION_COMMENTS = YES;
				CLANG_WARN_EMPTY_BODY = YES;
				CLANG_WARN_ENUM_CONVERSION = YES;
				CLANG_WARN_INFINITE_RECURSION = YES;
				CLANG_WARN_INT_CONVERSION = YES;
				CLANG_WARN_NON_LITERAL_NULL_CONVERSION = YES;
				CLANG_WARN_OBJC_IMPLICIT_RETAIN_SELF = YES;
				CLANG_WARN_OBJC_LITERAL_CONVERSION = YES;
				CLANG_WARN_OBJC_ROOT_CLASS = YES_ERROR;
				CLANG_WARN_QUOTED_INCLUDE_IN_FRAMEWORK_HEADER = YES;
				CLANG_WARN_RANGE_LOOP_ANALYSIS = YES;
				CLANG_WARN_STRICT_PROTOTYPES = YES;
				CLANG_WARN_SUSPICIOUS_MOVE = YES;
				CLANG_WARN_UNGUARDED_AVAILABILITY = YES_AGGRESSIVE;
				CLANG_WARN_UNREACHABLE_CODE = YES;
				CLANG_WARN__DUPLICATE_METHOD_MATCH = YES;
				COPY_PHASE_STRIP = NO;
				CURRENT_PROJECT_VERSION = 2;
				DEBUG_INFORMATION_FORMAT = "dwarf-with-dsym";
				ENABLE_NS_ASSERTIONS = NO;
				ENABLE_STRICT_OBJC_MSGSEND = YES;
				ENABLE_USER_SCRIPT_SANDBOXING = YES;
				GCC_C_LANGUAGE_STANDARD = gnu11;
				GCC_NO_COMMON_BLOCKS = YES;
				GCC_WARN_64_TO_32_BIT_CONVERSION = YES;
				GCC_WARN_ABOUT_RETURN_TYPE = YES_ERROR;
				GCC_WARN_UNDECLARED_SELECTOR = YES;
				GCC_WARN_UNINITIALIZED_AUTOS = YES_AGGRESSIVE;
				GCC_WARN_UNUSED_FUNCTION = YES;
				GCC_WARN_UNUSED_VARIABLE = YES;
				IPHONEOS_DEPLOYMENT_TARGET = 17.0;
				MARKETING_VERSION = 0.0.2;
				MTL_ENABLE_DEBUG_INFO = NO;
				MTL_FAST_MATH = YES;
				PRODUCT_NAME = "$(TARGET_NAME)";
				SDKROOT = iphoneos;
				SWIFT_APPROACHABLE_CONCURRENCY = YES;
				SWIFT_COMPILATION_MODE = wholemodule;
				SWIFT_DEFAULT_ACTOR_ISOLATION = MainActor;
				SWIFT_OPTIMIZATION_LEVEL = "-O";
				SWIFT_VERSION = 6.0;
			};
			name = Release;
		};
		E20000000000000000000005 /* Debug */ = {
			isa = XCBuildConfiguration;
			buildSettings = {
				APPLICATION_EXTENSION_API_ONLY = YES;
				CODE_SIGN_STYLE = Automatic;
				CURRENT_PROJECT_VERSION = 2;
				GENERATE_INFOPLIST_FILE = NO;
				INFOPLIST_FILE = StylePortActionExtension/Info.plist;
				ASSETCATALOG_COMPILER_APPICON_NAME = ActionIcon;
				IPHONEOS_DEPLOYMENT_TARGET = 17.0;
				LD_RUNPATH_SEARCH_PATHS = (
					"$(inherited)",
					"@executable_path/Frameworks",
					"@executable_path/../../Frameworks",
				);
				MARKETING_VERSION = 0.0.2;
				PRODUCT_BUNDLE_IDENTIFIER = com.styleport.app.action;
				PRODUCT_NAME = "$(TARGET_NAME)";
				SDKROOT = iphoneos;
				SKIP_INSTALL = YES;
				SWIFT_APPROACHABLE_CONCURRENCY = YES;
				SWIFT_DEFAULT_ACTOR_ISOLATION = MainActor;
				SWIFT_OPTIMIZATION_LEVEL = "-Onone";
				SWIFT_VERSION = 6.0;
				TARGETED_DEVICE_FAMILY = "1,2";
			};
			name = Debug;
		};

		E20000000000000000000006 /* Release */ = {
			isa = XCBuildConfiguration;
			buildSettings = {
				APPLICATION_EXTENSION_API_ONLY = YES;
				CODE_SIGN_STYLE = Automatic;
				CURRENT_PROJECT_VERSION = 2;
				GENERATE_INFOPLIST_FILE = NO;
				INFOPLIST_FILE = StylePortActionExtension/Info.plist;
				ASSETCATALOG_COMPILER_APPICON_NAME = ActionIcon;
				IPHONEOS_DEPLOYMENT_TARGET = 17.0;
				LD_RUNPATH_SEARCH_PATHS = (
					"$(inherited)",
					"@executable_path/Frameworks",
					"@executable_path/../../Frameworks",
				);
				MARKETING_VERSION = 0.0.2;
				PRODUCT_BUNDLE_IDENTIFIER = com.styleport.app.action;
				PRODUCT_NAME = "$(TARGET_NAME)";
				SDKROOT = iphoneos;
				SKIP_INSTALL = YES;
				SWIFT_APPROACHABLE_CONCURRENCY = YES;
				SWIFT_COMPILATION_MODE = wholemodule;
				SWIFT_DEFAULT_ACTOR_ISOLATION = MainActor;
				SWIFT_OPTIMIZATION_LEVEL = "-O";
				SWIFT_VERSION = 6.0;
				TARGETED_DEVICE_FAMILY = "1,2";
			};
			name = Release;
		};

/* End XCBuildConfiguration section */

/* Begin XCConfigurationList section */
		E10000000000000000000007 /* Build configuration list for PBXNativeTarget "StylePortShareExtension" */ = {
			isa = XCConfigurationList;
			buildConfigurations = (
				E10000000000000000000005 /* Debug */,
				E10000000000000000000006 /* Release */,
			);
			defaultConfigurationIsVisible = 0;
			defaultConfigurationName = Debug;
		};
		037CACE559179F7DEE5627C0 /* Build configuration list for PBXProject "StylePort" */ = {
			isa = XCConfigurationList;
			buildConfigurations = (
				1DCB3F94E60CF2AB3E1B4144 /* Debug */,
				F63C067E1F2E31AF9E86F8A2 /* Release */,
			);
			defaultConfigurationIsVisible = 0;
			defaultConfigurationName = Debug;
		};
		6DF0046C9ED1651CC4F1FA79 /* Build configuration list for PBXNativeTarget "StylePortUITests" */ = {
			isa = XCConfigurationList;
			buildConfigurations = (
				BD4CD830261BCF7CBEC0D255 /* Debug */,
				AB2D1A7B3A7396643F5C04DD /* Release */,
			);
			defaultConfigurationIsVisible = 0;
			defaultConfigurationName = Debug;
		};
		9EF1234056608378D4A4F14B /* Build configuration list for PBXNativeTarget "StylePortTests" */ = {
			isa = XCConfigurationList;
			buildConfigurations = (
				2A1891CB15AA27208C6B4EC7 /* Debug */,
				DFBAB6368E6394409F5457AD /* Release */,
			);
			defaultConfigurationIsVisible = 0;
			defaultConfigurationName = Debug;
		};
		B74F2B69506512952C170BCA /* Build configuration list for PBXNativeTarget "StylePort" */ = {
			isa = XCConfigurationList;
			buildConfigurations = (
				E34B21FE2FA4612439BD4D5F /* Debug */,
				661B378DFD2EE4E41A1CF9D7 /* Release */,
			);
			defaultConfigurationIsVisible = 0;
			defaultConfigurationName = Debug;
		};
		E20000000000000000000007 /* Build configuration list for PBXNativeTarget "StylePortActionExtension" */ = {
			isa = XCConfigurationList;
			buildConfigurations = (
				E20000000000000000000005 /* Debug */,
				E20000000000000000000006 /* Release */,
			);
			defaultConfigurationIsVisible = 0;
			defaultConfigurationName = Debug;
		};

/* End XCConfigurationList section */
	};
	rootObject = 5521F62BE557AD431772E63A /* Project object */;
}
